
Microsoft Visual Studio Solution File, Format Version 12.00
# Visual Studio 2017
Project("{FAE04EC0-301F-11D3-BF4B-00C04F79EFBC}") = "MobaClone", "MobaClone.csproj", "{99E3A761-1C6A-CD2E-A357-684213EF586B}"
EndProject
Project("{FAE04EC0-301F-11D3-BF4B-00C04F79EFBC}") = "MobaClone.Editor", "MobaClone.Editor.csproj", "{BAAADC42-52F0-10DB-4DCF-4E204BC49EE9}"
EndProject
Global
	GlobalSection(SolutionConfigurationPlatforms) = preSolution
		Debug|Any CPU = Debug|Any CPU
		Release|Any CPU = Release|Any CPU
	EndGlobalSection
	GlobalSection(ProjectConfigurationPlatforms) = postSolution
		{99E3A761-1C6A-CD2E-A357-684213EF586B}.Debug|Any CPU.ActiveCfg = Debug|Any CPU
		{99E3A761-1C6A-CD2E-A357-684213EF586B}.Debug|Any CPU.Build.0 = Debug|Any CPU
		{99E3A761-1C6A-CD2E-A357-684213EF586B}.Release|Any CPU.ActiveCfg = Release|Any CPU
		{99E3A761-1C6A-CD2E-A357-684213EF586B}.Release|Any CPU.Build.0 = Release|Any CPU
		{BAAADC42-52F0-10DB-4DCF-4E204BC49EE9}.Debug|Any CPU.ActiveCfg = Debug|Any CPU
		{BAAADC42-52F0-10DB-4DCF-4E204BC49EE9}.Debug|Any CPU.Build.0 = Debug|Any CPU
		{BAAADC42-52F0-10DB-4DCF-4E204BC49EE9}.Release|Any CPU.ActiveCfg = Release|Any CPU
		{BAAADC42-52F0-10DB-4DCF-4E204BC49EE9}.Release|Any CPU.Build.0 = Release|Any CPU
	EndGlobalSection
	GlobalSection(SolutionProperties) = preSolution
		HideSolutionNode = FALSE
	EndGlobalSection
EndGlobal
